
Microsoft Visual Studio Solution File, Format Version 12.00
# Visual Studio Version 16
VisualStudioVersion = 16.0.31005.135
MinimumVisualStudioVersion = 10.0.40219.1
Project("{FAE04EC0-301F-11D3-BF4B-00C04F79EFBC}") = "NeurotestClient", "NeurotestClient\NeurotestClient.csproj", "{2EB8A325-CF1F-4001-B8EA-F41CC0631FFD}"
EndProject
Global
	GlobalSection(SolutionConfigurationPlatforms) = preSolution
		Debug|Any CPU = Debug|Any CPU
		Release|Any CPU = Release|Any CPU
	EndGlobalSection
	GlobalSection(ProjectConfigurationPlatforms) = postSolution
		{2EB8A325-CF1F-4001-B8EA-F41CC0631FFD}.Debug|Any CPU.ActiveCfg = Debug|Any CPU
		{2EB8A325-CF1F-4001-B8EA-F41CC0631FFD}.Debug|Any CPU.Build.0 = Debug|Any CPU
		{2EB8A325-CF1F-4001-B8EA-F41CC0631FFD}.Release|Any CPU.ActiveCfg = Release|Any CPU
		{2EB8A325-CF1F-4001-B8EA-F41CC0631FFD}.Release|Any CPU.Build.0 = Release|Any CPU
	EndGlobalSection
	GlobalSection(SolutionProperties) = preSolution
		HideSolutionNode = FALSE
	EndGlobalSection
	GlobalSection(ExtensibilityGlobals) = postSolution
		SolutionGuid = {31DA993E-3B1B-47B7-89F7-910E0F92CEB4}
	EndGlobalSection
EndGlobal
